{
    "_meta": {
        "hash": {
            "sha256": "77adfd05ef7a76a8ff1002a1b840d6fe2696ecee3a4a6a3389bf75235f67cc10"
        },
        "pipfile-spec": 6,
        "requires": {
            "python_version": "3.8"
        },
        "sources": [
            {
                "name": "pypi",
                "url": "https://pypi.org/simple",
                "verify_ssl": true
            }
        ]
    },
    "default": {},
    "develop": {
        "kafka-python": {
            "hashes": [
                "sha256:111a90e54a56182b6b7c4818ee58f984cc427ad8f85fdff59faf45aaeacb51ea",
                "sha256:53083c5c4d3a5b1f021c3c84ee4e772e5d0f7db559f623d8f02432b9a5e87264"
            ],
            "index": "pypi",
            "version": "==2.0.0"
        }
    }
}
